
Microsoft Visual Studio Solution File, Format Version 12.00
# Visual Studio Version 17
VisualStudioVersion = 17.14.36414.22
MinimumVisualStudioVersion = 10.0.40219.1
Project("{2150E333-8FDC-42A3-9474-1A3956D46DE8}") = "src", "src", "{827E0CD3-B72D-47B6-A68D-7590B98EB39B}"
EndProject
Project("{2150E333-8FDC-42A3-9474-1A3956D46DE8}") = "test", "test", "{0C88DD14-F956-CE84-757C-A364CCF449FC}"
EndProject
Project("{FAE04EC0-301F-11D3-BF4B-00C04F79EFBC}") = "KatasTDD.Domain", "src\KatasTDD.Domain\KatasTDD.Domain.csproj", "{0363276A-320F-4C83-A1CA-59107F6D6318}"
EndProject
Project("{FAE04EC0-301F-11D3-BF4B-00C04F79EFBC}") = "KatasTDD.Tests", "test\KatasTDD.Tests\KatasTDD.Tests.csproj", "{8F4446D2-4640-4F0D-A462-6182B686AE11}"
EndProject
Project("{2150E333-8FDC-42A3-9474-1A3956D46DE8}") = "docs", "docs", "{9912EDA4-7AD6-4DEE-92FF-A97F2E07D69E}"
	ProjectSection(SolutionItems) = preProject
		docs\BattleShips.md = docs\BattleShips.md
		docs\StringCalculator.md = docs\StringCalculator.md
	EndProjectSection
EndProject
Global
	GlobalSection(SolutionConfigurationPlatforms) = preSolution
		Debug|Any CPU = Debug|Any CPU
		Debug|x64 = Debug|x64
		Debug|x86 = Debug|x86
		Release|Any CPU = Release|Any CPU
		Release|x64 = Release|x64
		Release|x86 = Release|x86
	EndGlobalSection
	GlobalSection(ProjectConfigurationPlatforms) = postSolution
		{0363276A-320F-4C83-A1CA-59107F6D6318}.Debug|Any CPU.ActiveCfg = Debug|Any CPU
		{0363276A-320F-4C83-A1CA-59107F6D6318}.Debug|Any CPU.Build.0 = Debug|Any CPU
		{0363276A-320F-4C83-A1CA-59107F6D6318}.Debug|x64.ActiveCfg = Debug|Any CPU
		{0363276A-320F-4C83-A1CA-59107F6D6318}.Debug|x64.Build.0 = Debug|Any CPU
		{0363276A-320F-4C83-A1CA-59107F6D6318}.Debug|x86.ActiveCfg = Debug|Any CPU
		{0363276A-320F-4C83-A1CA-59107F6D6318}.Debug|x86.Build.0 = Debug|Any CPU
		{0363276A-320F-4C83-A1CA-59107F6D6318}.Release|Any CPU.ActiveCfg = Release|Any CPU
		{0363276A-320F-4C83-A1CA-59107F6D6318}.Release|Any CPU.Build.0 = Release|Any CPU
		{0363276A-320F-4C83-A1CA-59107F6D6318}.Release|x64.ActiveCfg = Release|Any CPU
		{0363276A-320F-4C83-A1CA-59107F6D6318}.Release|x64.Build.0 = Release|Any CPU
		{0363276A-320F-4C83-A1CA-59107F6D6318}.Release|x86.ActiveCfg = Release|Any CPU
		{0363276A-320F-4C83-A1CA-59107F6D6318}.Release|x86.Build.0 = Release|Any CPU
		{8F4446D2-4640-4F0D-A462-6182B686AE11}.Debug|Any CPU.ActiveCfg = Debug|Any CPU
		{8F4446D2-4640-4F0D-A462-6182B686AE11}.Debug|Any CPU.Build.0 = Debug|Any CPU
		{8F4446D2-4640-4F0D-A462-6182B686AE11}.Debug|x64.ActiveCfg = Debug|Any CPU
		{8F4446D2-4640-4F0D-A462-6182B686AE11}.Debug|x64.Build.0 = Debug|Any CPU
		{8F4446D2-4640-4F0D-A462-6182B686AE11}.Debug|x86.ActiveCfg = Debug|Any CPU
		{8F4446D2-4640-4F0D-A462-6182B686AE11}.Debug|x86.Build.0 = Debug|Any CPU
		{8F4446D2-4640-4F0D-A462-6182B686AE11}.Release|Any CPU.ActiveCfg = Release|Any CPU
		{8F4446D2-4640-4F0D-A462-6182B686AE11}.Release|Any CPU.Build.0 = Release|Any CPU
		{8F4446D2-4640-4F0D-A462-6182B686AE11}.Release|x64.ActiveCfg = Release|Any CPU
		{8F4446D2-4640-4F0D-A462-6182B686AE11}.Release|x64.Build.0 = Release|Any CPU
		{8F4446D2-4640-4F0D-A462-6182B686AE11}.Release|x86.ActiveCfg = Release|Any CPU
		{8F4446D2-4640-4F0D-A462-6182B686AE11}.Release|x86.Build.0 = Release|Any CPU
	EndGlobalSection
	GlobalSection(SolutionProperties) = preSolution
		HideSolutionNode = FALSE
	EndGlobalSection
	GlobalSection(NestedProjects) = preSolution
		{0363276A-320F-4C83-A1CA-59107F6D6318} = {827E0CD3-B72D-47B6-A68D-7590B98EB39B}
		{8F4446D2-4640-4F0D-A462-6182B686AE11} = {0C88DD14-F956-CE84-757C-A364CCF449FC}
	EndGlobalSection
	GlobalSection(ExtensibilityGlobals) = postSolution
		SolutionGuid = {B30EC7D1-D231-454D-9A4D-F633DFA2F980}
	EndGlobalSection
EndGlobal
