
Microsoft Visual Studio Solution File, Format Version 12.00
Project("{2150E333-8FDC-42A3-9474-1A3956D46DE8}") = "src", "src", "{B4521150-C243-4B07-A658-6E14E7E1CCAA}"
EndProject
Project("{2150E333-8FDC-42A3-9474-1A3956D46DE8}") = "tests", "tests", "{18CFFFA4-1B86-4A42-89F3-C152CF3170F4}"
EndProject
Project("{FAE04EC0-301F-11D3-BF4B-00C04F79EFBC}") = "CajeroAutomatico.Tests", "tests\CajeroAutomatico.Tests\CajeroAutomatico.Tests.csproj", "{60FFB6AF-EAEC-4F65-A768-1ED149240477}"
EndProject
Global
	GlobalSection(SolutionConfigurationPlatforms) = preSolution
		Debug|Any CPU = Debug|Any CPU
		Release|Any CPU = Release|Any CPU
	EndGlobalSection
	GlobalSection(NestedProjects) = preSolution
		{60FFB6AF-EAEC-4F65-A768-1ED149240477} = {18CFFFA4-1B86-4A42-89F3-C152CF3170F4}
	EndGlobalSection
	GlobalSection(ProjectConfigurationPlatforms) = postSolution
		{60FFB6AF-EAEC-4F65-A768-1ED149240477}.Debug|Any CPU.ActiveCfg = Debug|Any CPU
		{60FFB6AF-EAEC-4F65-A768-1ED149240477}.Debug|Any CPU.Build.0 = Debug|Any CPU
		{60FFB6AF-EAEC-4F65-A768-1ED149240477}.Release|Any CPU.ActiveCfg = Release|Any CPU
		{60FFB6AF-EAEC-4F65-A768-1ED149240477}.Release|Any CPU.Build.0 = Release|Any CPU
	EndGlobalSection
EndGlobal
