
Microsoft Visual Studio Solution File, Format Version 12.00
Project("{FAE04EC0-301F-11D3-BF4B-00C04F79EFBC}") = "Katas.Battleship.Tests", "Katas.Battleship.Tests\Katas.Battleship.Tests.csproj", "{ACEC3AD0-86E3-43AD-A8AB-AB95986E63F3}"
EndProject
Project("{FAE04EC0-301F-11D3-BF4B-00C04F79EFBC}") = "Katas.Battleship.Core", "Katas.Battleship.Core\Katas.Battleship.Core.csproj", "{858E64F9-18E0-48F0-B785-1C05E891BB42}"
EndProject
Global
	GlobalSection(SolutionConfigurationPlatforms) = preSolution
		Debug|Any CPU = Debug|Any CPU
		Release|Any CPU = Release|Any CPU
	EndGlobalSection
	GlobalSection(ProjectConfigurationPlatforms) = postSolution
		{ACEC3AD0-86E3-43AD-A8AB-AB95986E63F3}.Debug|Any CPU.ActiveCfg = Debug|Any CPU
		{ACEC3AD0-86E3-43AD-A8AB-AB95986E63F3}.Debug|Any CPU.Build.0 = Debug|Any CPU
		{ACEC3AD0-86E3-43AD-A8AB-AB95986E63F3}.Release|Any CPU.ActiveCfg = Release|Any CPU
		{ACEC3AD0-86E3-43AD-A8AB-AB95986E63F3}.Release|Any CPU.Build.0 = Release|Any CPU
		{858E64F9-18E0-48F0-B785-1C05E891BB42}.Debug|Any CPU.ActiveCfg = Debug|Any CPU
		{858E64F9-18E0-48F0-B785-1C05E891BB42}.Debug|Any CPU.Build.0 = Debug|Any CPU
		{858E64F9-18E0-48F0-B785-1C05E891BB42}.Release|Any CPU.ActiveCfg = Release|Any CPU
		{858E64F9-18E0-48F0-B785-1C05E891BB42}.Release|Any CPU.Build.0 = Release|Any CPU
	EndGlobalSection
EndGlobal
